
Microsoft Visual Studio Solution File, Format Version 12.00
# Visual Studio Version 17
VisualStudioVersion = 17.1.32319.34
MinimumVisualStudioVersion = 10.0.40219.1
Project("{FAE04EC0-301F-11D3-BF4B-00C04F79EFBC}") = "ImageToIcon", "ImageToIcon\ImageToIcon.csproj", "{42F3C1B7-6F3E-4D2C-8546-3F54A4B32DE7}"
EndProject
Global
	GlobalSection(SolutionConfigurationPlatforms) = preSolution
		Debug|Any CPU = Debug|Any CPU
		Release|Any CPU = Release|Any CPU
	EndGlobalSection
	GlobalSection(ProjectConfigurationPlatforms) = postSolution
		{42F3C1B7-6F3E-4D2C-8546-3F54A4B32DE7}.Debug|Any CPU.ActiveCfg = Debug|Any CPU
		{42F3C1B7-6F3E-4D2C-8546-3F54A4B32DE7}.Debug|Any CPU.Build.0 = Debug|Any CPU
		{42F3C1B7-6F3E-4D2C-8546-3F54A4B32DE7}.Release|Any CPU.ActiveCfg = Release|Any CPU
		{42F3C1B7-6F3E-4D2C-8546-3F54A4B32DE7}.Release|Any CPU.Build.0 = Release|Any CPU
	EndGlobalSection
	GlobalSection(SolutionProperties) = preSolution
		HideSolutionNode = FALSE
	EndGlobalSection
	GlobalSection(ExtensibilityGlobals) = postSolution
		SolutionGuid = {01AFB702-DEA9-4D56-B291-A029591E2B80}
	EndGlobalSection
EndGlobal
